
Microsoft Visual Studio Solution File, Format Version 12.00
# Visual Studio Version 16
VisualStudioVersion = 16.0.30523.141
MinimumVisualStudioVersion = 10.0.40219.1
Project("{FAE04EC0-301F-11D3-BF4B-00C04F79EFBC}") = "Currency Apps", "Currency Apps\Currency Apps.csproj", "{2C1E8550-7657-440D-B2E2-9AFD4857AEFE}"
EndProject
Global
	GlobalSection(SolutionConfigurationPlatforms) = preSolution
		Debug|Any CPU = Debug|Any CPU
		Release|Any CPU = Release|Any CPU
	EndGlobalSection
	GlobalSection(ProjectConfigurationPlatforms) = postSolution
		{2C1E8550-7657-440D-B2E2-9AFD4857AEFE}.Debug|Any CPU.ActiveCfg = Debug|Any CPU
		{2C1E8550-7657-440D-B2E2-9AFD4857AEFE}.Debug|Any CPU.Build.0 = Debug|Any CPU
		{2C1E8550-7657-440D-B2E2-9AFD4857AEFE}.Release|Any CPU.ActiveCfg = Release|Any CPU
		{2C1E8550-7657-440D-B2E2-9AFD4857AEFE}.Release|Any CPU.Build.0 = Release|Any CPU
	EndGlobalSection
	GlobalSection(SolutionProperties) = preSolution
		HideSolutionNode = FALSE
	EndGlobalSection
	GlobalSection(ExtensibilityGlobals) = postSolution
		SolutionGuid = {5206F85B-644A-4596-B6DD-291B9F3DE7BA}
	EndGlobalSection
EndGlobal
